
Microsoft Visual Studio Solution File, Format Version 12.00
# Visual Studio 15
VisualStudioVersion = 15.0.28307.168
MinimumVisualStudioVersion = 10.0.40219.1
Project("{FAE04EC0-301F-11D3-BF4B-00C04F79EFBC}") = "Model.Entities", "Model.Entities\Model.Entities.csproj", "{B14FD7B8-EA8A-4918-8A86-9EBA9993A95A}"
EndProject
Project("{FAE04EC0-301F-11D3-BF4B-00C04F79EFBC}") = "Model.EntityFramework", "Model.EntityFramework\Model.EntityFramework.csproj", "{7D108F0F-A792-4A97-BC56-8437156793BB}"
EndProject
Global
	GlobalSection(SolutionConfigurationPlatforms) = preSolution
		Debug|Any CPU = Debug|Any CPU
		Release|Any CPU = Release|Any CPU
	EndGlobalSection
	GlobalSection(ProjectConfigurationPlatforms) = postSolution
		{B14FD7B8-EA8A-4918-8A86-9EBA9993A95A}.Debug|Any CPU.ActiveCfg = Debug|Any CPU
		{B14FD7B8-EA8A-4918-8A86-9EBA9993A95A}.Debug|Any CPU.Build.0 = Debug|Any CPU
		{B14FD7B8-EA8A-4918-8A86-9EBA9993A95A}.Release|Any CPU.ActiveCfg = Release|Any CPU
		{B14FD7B8-EA8A-4918-8A86-9EBA9993A95A}.Release|Any CPU.Build.0 = Release|Any CPU
		{7D108F0F-A792-4A97-BC56-8437156793BB}.Debug|Any CPU.ActiveCfg = Debug|Any CPU
		{7D108F0F-A792-4A97-BC56-8437156793BB}.Debug|Any CPU.Build.0 = Debug|Any CPU
		{7D108F0F-A792-4A97-BC56-8437156793BB}.Release|Any CPU.ActiveCfg = Release|Any CPU
		{7D108F0F-A792-4A97-BC56-8437156793BB}.Release|Any CPU.Build.0 = Release|Any CPU
	EndGlobalSection
	GlobalSection(SolutionProperties) = preSolution
		HideSolutionNode = FALSE
	EndGlobalSection
	GlobalSection(ExtensibilityGlobals) = postSolution
		SolutionGuid = {5F047E8D-AB30-42E7-922D-079780E82612}
	EndGlobalSection
EndGlobal
