
Microsoft Visual Studio Solution File, Format Version 12.00
# Visual Studio Version 16
VisualStudioVersion = 16.0.29306.81
MinimumVisualStudioVersion = 10.0.40219.1
Project("{FAE04EC0-301F-11D3-BF4B-00C04F79EFBC}") = "Tooling", "Tooling\Tooling.csproj", "{3A327F7C-D0DF-4972-B438-754B68924ACF}"
EndProject
Project("{9A19103F-16F7-4668-BE54-9A1E7A4F7556}") = "Tooling.UnitTests", "..\tests\Tooling.UnitTests\Tooling.UnitTests.csproj", "{683B77AC-75D3-4AA0-851D-3F518E46579A}"
EndProject
Global
	GlobalSection(SolutionConfigurationPlatforms) = preSolution
		Debug|Any CPU = Debug|Any CPU
		Release|Any CPU = Release|Any CPU
	EndGlobalSection
	GlobalSection(ProjectConfigurationPlatforms) = postSolution
		{3A327F7C-D0DF-4972-B438-754B68924ACF}.Debug|Any CPU.ActiveCfg = Debug|Any CPU
		{3A327F7C-D0DF-4972-B438-754B68924ACF}.Debug|Any CPU.Build.0 = Debug|Any CPU
		{3A327F7C-D0DF-4972-B438-754B68924ACF}.Release|Any CPU.ActiveCfg = Release|Any CPU
		{3A327F7C-D0DF-4972-B438-754B68924ACF}.Release|Any CPU.Build.0 = Release|Any CPU
		{683B77AC-75D3-4AA0-851D-3F518E46579A}.Debug|Any CPU.ActiveCfg = Debug|Any CPU
		{683B77AC-75D3-4AA0-851D-3F518E46579A}.Debug|Any CPU.Build.0 = Debug|Any CPU
		{683B77AC-75D3-4AA0-851D-3F518E46579A}.Release|Any CPU.ActiveCfg = Release|Any CPU
		{683B77AC-75D3-4AA0-851D-3F518E46579A}.Release|Any CPU.Build.0 = Release|Any CPU
	EndGlobalSection
	GlobalSection(SolutionProperties) = preSolution
		HideSolutionNode = FALSE
	EndGlobalSection
	GlobalSection(ExtensibilityGlobals) = postSolution
		SolutionGuid = {B82E8F8B-0C29-40F3-A96E-A9DBE658C493}
	EndGlobalSection
EndGlobal
