
Microsoft Visual Studio Solution File, Format Version 12.00
# Visual Studio Version 16
VisualStudioVersion = 16.0.29306.81
MinimumVisualStudioVersion = 10.0.40219.1
Project("{FAE04EC0-301F-11D3-BF4B-00C04F79EFBC}") = "Tooling", "Tooling\Tooling.csproj", "{3A327F7C-D0DF-4972-B438-754B68924ACF}"
EndProject
Project("{9A19103F-16F7-4668-BE54-9A1E7A4F7556}") = "Tooling.UnitTests", "..\tests\Tooling.UnitTests\Tooling.UnitTests.csproj", "{EA16B217-0B50-4A0C-91F3-76285BA7BD98}"
EndProject
Global
	GlobalSection(SolutionConfigurationPlatforms) = preSolution
		Debug|Any CPU = Debug|Any CPU
		Release|Any CPU = Release|Any CPU
	EndGlobalSection
	GlobalSection(ProjectConfigurationPlatforms) = postSolution
		{3A327F7C-D0DF-4972-B438-754B68924ACF}.Debug|Any CPU.ActiveCfg = Debug|Any CPU
		{3A327F7C-D0DF-4972-B438-754B68924ACF}.Debug|Any CPU.Build.0 = Debug|Any CPU
		{3A327F7C-D0DF-4972-B438-754B68924ACF}.Release|Any CPU.ActiveCfg = Release|Any CPU
		{3A327F7C-D0DF-4972-B438-754B68924ACF}.Release|Any CPU.Build.0 = Release|Any CPU
		{EA16B217-0B50-4A0C-91F3-76285BA7BD98}.Debug|Any CPU.ActiveCfg = Debug|Any CPU
		{EA16B217-0B50-4A0C-91F3-76285BA7BD98}.Debug|Any CPU.Build.0 = Debug|Any CPU
		{EA16B217-0B50-4A0C-91F3-76285BA7BD98}.Release|Any CPU.ActiveCfg = Release|Any CPU
		{EA16B217-0B50-4A0C-91F3-76285BA7BD98}.Release|Any CPU.Build.0 = Release|Any CPU
	EndGlobalSection
	GlobalSection(SolutionProperties) = preSolution
		HideSolutionNode = FALSE
	EndGlobalSection
	GlobalSection(ExtensibilityGlobals) = postSolution
		SolutionGuid = {DBEA8230-2393-41F2-900A-64E73300CCE4}
	EndGlobalSection
EndGlobal
